
Microsoft Visual Studio Solution File, Format Version 12.00
# Visual Studio 15
VisualStudioVersion = 15.0.27703.2035
MinimumVisualStudioVersion = 10.0.40219.1
Project("{2150E333-8FDC-42A3-9474-1A3956D46DE8}") = "src", "src", "{26365AE1-7D3B-4FE1-87A5-71E81A6BC7AD}"
EndProject
Project("{9A19103F-16F7-4668-BE54-9A1E7A4F7556}") = "SPM.Web", "src\SPM.Web\SPM.Web.csproj", "{11554A0A-F4CE-4E31-A84F-65F0DC7FB548}"
EndProject
Project("{9A19103F-16F7-4668-BE54-9A1E7A4F7556}") = "SPM.WebApi", "src\SPM.WebApi\SPM.WebApi.csproj", "{DC2CAC2B-94AE-4830-B635-C482A7376F1E}"
EndProject
Project("{2150E333-8FDC-42A3-9474-1A3956D46DE8}") = "tests", "tests", "{F4CF5A44-DC5B-4369-AC9B-DCFEA71D024A}"
EndProject
Project("{9A19103F-16F7-4668-BE54-9A1E7A4F7556}") = "SPM.Core", "src\SPM.Core\SPM.Core.csproj", "{9D96760D-BAF2-42C9-93C9-1382FCDC0BD1}"
EndProject
Project("{9A19103F-16F7-4668-BE54-9A1E7A4F7556}") = "SPM.Infrastructure", "src\SPM.Infrastructure\SPM.Infrastructure.csproj", "{B0E71FB0-F82E-487F-8029-F04C3ABFF5EE}"
EndProject
Project("{2150E333-8FDC-42A3-9474-1A3956D46DE8}") = "1. Presentation Layer", "1. Presentation Layer", "{7965502C-85E5-4BED-8CA1-7CE436B81F99}"
EndProject
Project("{2150E333-8FDC-42A3-9474-1A3956D46DE8}") = "2. Business Layer", "2. Business Layer", "{B5B2F992-F702-4343-8391-8F18FF2E5810}"
EndProject
Project("{2150E333-8FDC-42A3-9474-1A3956D46DE8}") = "3. Data Layer", "3. Data Layer", "{0D9AD966-829D-4867-81A6-277FF681FFB7}"
EndProject
Global
	GlobalSection(SolutionConfigurationPlatforms) = preSolution
		Debug|Any CPU = Debug|Any CPU
		Release|Any CPU = Release|Any CPU
	EndGlobalSection
	GlobalSection(ProjectConfigurationPlatforms) = postSolution
		{11554A0A-F4CE-4E31-A84F-65F0DC7FB548}.Debug|Any CPU.ActiveCfg = Debug|Any CPU
		{11554A0A-F4CE-4E31-A84F-65F0DC7FB548}.Debug|Any CPU.Build.0 = Debug|Any CPU
		{11554A0A-F4CE-4E31-A84F-65F0DC7FB548}.Release|Any CPU.ActiveCfg = Release|Any CPU
		{11554A0A-F4CE-4E31-A84F-65F0DC7FB548}.Release|Any CPU.Build.0 = Release|Any CPU
		{DC2CAC2B-94AE-4830-B635-C482A7376F1E}.Debug|Any CPU.ActiveCfg = Debug|Any CPU
		{DC2CAC2B-94AE-4830-B635-C482A7376F1E}.Debug|Any CPU.Build.0 = Debug|Any CPU
		{DC2CAC2B-94AE-4830-B635-C482A7376F1E}.Release|Any CPU.ActiveCfg = Release|Any CPU
		{DC2CAC2B-94AE-4830-B635-C482A7376F1E}.Release|Any CPU.Build.0 = Release|Any CPU
		{9D96760D-BAF2-42C9-93C9-1382FCDC0BD1}.Debug|Any CPU.ActiveCfg = Debug|Any CPU
		{9D96760D-BAF2-42C9-93C9-1382FCDC0BD1}.Debug|Any CPU.Build.0 = Debug|Any CPU
		{9D96760D-BAF2-42C9-93C9-1382FCDC0BD1}.Release|Any CPU.ActiveCfg = Release|Any CPU
		{9D96760D-BAF2-42C9-93C9-1382FCDC0BD1}.Release|Any CPU.Build.0 = Release|Any CPU
		{B0E71FB0-F82E-487F-8029-F04C3ABFF5EE}.Debug|Any CPU.ActiveCfg = Debug|Any CPU
		{B0E71FB0-F82E-487F-8029-F04C3ABFF5EE}.Debug|Any CPU.Build.0 = Debug|Any CPU
		{B0E71FB0-F82E-487F-8029-F04C3ABFF5EE}.Release|Any CPU.ActiveCfg = Release|Any CPU
		{B0E71FB0-F82E-487F-8029-F04C3ABFF5EE}.Release|Any CPU.Build.0 = Release|Any CPU
	EndGlobalSection
	GlobalSection(SolutionProperties) = preSolution
		HideSolutionNode = FALSE
	EndGlobalSection
	GlobalSection(NestedProjects) = preSolution
		{11554A0A-F4CE-4E31-A84F-65F0DC7FB548} = {7965502C-85E5-4BED-8CA1-7CE436B81F99}
		{DC2CAC2B-94AE-4830-B635-C482A7376F1E} = {7965502C-85E5-4BED-8CA1-7CE436B81F99}
		{9D96760D-BAF2-42C9-93C9-1382FCDC0BD1} = {B5B2F992-F702-4343-8391-8F18FF2E5810}
		{B0E71FB0-F82E-487F-8029-F04C3ABFF5EE} = {0D9AD966-829D-4867-81A6-277FF681FFB7}
		{7965502C-85E5-4BED-8CA1-7CE436B81F99} = {26365AE1-7D3B-4FE1-87A5-71E81A6BC7AD}
		{B5B2F992-F702-4343-8391-8F18FF2E5810} = {26365AE1-7D3B-4FE1-87A5-71E81A6BC7AD}
		{0D9AD966-829D-4867-81A6-277FF681FFB7} = {26365AE1-7D3B-4FE1-87A5-71E81A6BC7AD}
	EndGlobalSection
	GlobalSection(ExtensibilityGlobals) = postSolution
		SolutionGuid = {B8468836-5D79-4761-A97F-9B8A1F9C3769}
	EndGlobalSection
EndGlobal
